
Microsoft Visual Studio Solution File, Format Version 12.00
# Visual Studio 14
VisualStudioVersion = 14.0.25420.1
MinimumVisualStudioVersion = 10.0.40219.1
Project("{FAE04EC0-301F-11D3-BF4B-00C04F79EFBC}") = "Template.Core", "Template.Core\Template.Core.csproj", "{03AFD687-3073-45BC-9472-5A9E60416C82}"
EndProject
Project("{FAE04EC0-301F-11D3-BF4B-00C04F79EFBC}") = "Template.EF", "Template.EF\Template.EF.csproj", "{3EF25842-7206-4F46-8D42-E75AA591347C}"
EndProject
Global
	GlobalSection(SolutionConfigurationPlatforms) = preSolution
		Debug|Any CPU = Debug|Any CPU
		Release|Any CPU = Release|Any CPU
	EndGlobalSection
	GlobalSection(ProjectConfigurationPlatforms) = postSolution
		{03AFD687-3073-45BC-9472-5A9E60416C82}.Debug|Any CPU.ActiveCfg = Debug|Any CPU
		{03AFD687-3073-45BC-9472-5A9E60416C82}.Debug|Any CPU.Build.0 = Debug|Any CPU
		{03AFD687-3073-45BC-9472-5A9E60416C82}.Release|Any CPU.ActiveCfg = Release|Any CPU
		{03AFD687-3073-45BC-9472-5A9E60416C82}.Release|Any CPU.Build.0 = Release|Any CPU
		{3EF25842-7206-4F46-8D42-E75AA591347C}.Debug|Any CPU.ActiveCfg = Debug|Any CPU
		{3EF25842-7206-4F46-8D42-E75AA591347C}.Debug|Any CPU.Build.0 = Debug|Any CPU
		{3EF25842-7206-4F46-8D42-E75AA591347C}.Release|Any CPU.ActiveCfg = Release|Any CPU
		{3EF25842-7206-4F46-8D42-E75AA591347C}.Release|Any CPU.Build.0 = Release|Any CPU
	EndGlobalSection
	GlobalSection(SolutionProperties) = preSolution
		HideSolutionNode = FALSE
	EndGlobalSection
EndGlobal
